{
  "version": "5",
  "specifiers": {
    "npm:process@~0.11.10": "0.11.10",
    "npm:readline@^1.3.0": "1.3.0"
  },
  "npm": {
    "process@0.11.10": {
      "integrity": "sha512-cdGef/drWFoydD1JsMzuFf8100nZl+GT+yacc2bEced5f9Rjk4z+WtFUTBu9PhOi9j/jfmBPu0mMEY4wIdAF8A=="
    },
    "readline@1.3.0": {
      "integrity": "sha512-k2d6ACCkiNYz222Fs/iNze30rRJ1iIicW7JuX/7/cozvih6YCkFZH+J6mAFDVgv0dRBaAyr4jDqC95R2y4IADg=="
    }
  },
  "workspace": {
    "dependencies": [
      "npm:process@~0.11.10",
      "npm:readline@^1.3.0"
    ]
  }
}
